
Microsoft Visual Studio Solution File, Format Version 12.00
# Visual Studio Version 17
VisualStudioVersion = 17.0.31903.59
MinimumVisualStudioVersion = 10.0.40219.1
Project("{FAE04EC0-301F-11D3-BF4B-00C04F79EFBC}") = "SmartBizAI.UI", "SmartBizAI.UI\SmartBizAI.UI.csproj", "{06AFC413-97C3-468E-A214-21FCFA1FDCA3}"
EndProject
Project("{FAE04EC0-301F-11D3-BF4B-00C04F79EFBC}") = "SmartBizAI.Api", "SmartBizAI.Api\SmartBizAI.Api.csproj", "{CA7403B7-F244-4A17-94C7-97C88C55830E}"
EndProject
Project("{FAE04EC0-301F-11D3-BF4B-00C04F79EFBC}") = "SmartBizAI.Shared", "SmartBizAI.Shared\SmartBizAI.Shared.csproj", "{58397613-ECE8-43CF-BEEB-EA88FC021E42}"
EndProject
Global
	GlobalSection(SolutionConfigurationPlatforms) = preSolution
		Debug|Any CPU = Debug|Any CPU
		Release|Any CPU = Release|Any CPU
	EndGlobalSection
	GlobalSection(SolutionProperties) = preSolution
		HideSolutionNode = FALSE
	EndGlobalSection
	GlobalSection(ProjectConfigurationPlatforms) = postSolution
		{06AFC413-97C3-468E-A214-21FCFA1FDCA3}.Debug|Any CPU.ActiveCfg = Debug|Any CPU
		{06AFC413-97C3-468E-A214-21FCFA1FDCA3}.Debug|Any CPU.Build.0 = Debug|Any CPU
		{06AFC413-97C3-468E-A214-21FCFA1FDCA3}.Release|Any CPU.ActiveCfg = Release|Any CPU
		{06AFC413-97C3-468E-A214-21FCFA1FDCA3}.Release|Any CPU.Build.0 = Release|Any CPU
		{CA7403B7-F244-4A17-94C7-97C88C55830E}.Debug|Any CPU.ActiveCfg = Debug|Any CPU
		{CA7403B7-F244-4A17-94C7-97C88C55830E}.Debug|Any CPU.Build.0 = Debug|Any CPU
		{CA7403B7-F244-4A17-94C7-97C88C55830E}.Release|Any CPU.ActiveCfg = Release|Any CPU
		{CA7403B7-F244-4A17-94C7-97C88C55830E}.Release|Any CPU.Build.0 = Release|Any CPU
		{58397613-ECE8-43CF-BEEB-EA88FC021E42}.Debug|Any CPU.ActiveCfg = Debug|Any CPU
		{58397613-ECE8-43CF-BEEB-EA88FC021E42}.Debug|Any CPU.Build.0 = Debug|Any CPU
		{58397613-ECE8-43CF-BEEB-EA88FC021E42}.Release|Any CPU.ActiveCfg = Release|Any CPU
		{58397613-ECE8-43CF-BEEB-EA88FC021E42}.Release|Any CPU.Build.0 = Release|Any CPU
	EndGlobalSection
EndGlobal
